
Microsoft Visual Studio Solution File, Format Version 12.00
# Visual Studio Version 17
VisualStudioVersion = 17.4.33213.308
MinimumVisualStudioVersion = 10.0.40219.1
Project("{FAE04EC0-301F-11D3-BF4B-00C04F79EFBC}") = "airbnb", "airbnb\airbnb.csproj", "{B31B766E-FFAE-45A3-88CA-E684619E1582}"
EndProject
Global
	GlobalSection(SolutionConfigurationPlatforms) = preSolution
		Debug|Any CPU = Debug|Any CPU
		Release|Any CPU = Release|Any CPU
	EndGlobalSection
	GlobalSection(ProjectConfigurationPlatforms) = postSolution
		{B31B766E-FFAE-45A3-88CA-E684619E1582}.Debug|Any CPU.ActiveCfg = Debug|Any CPU
		{B31B766E-FFAE-45A3-88CA-E684619E1582}.Debug|Any CPU.Build.0 = Debug|Any CPU
		{B31B766E-FFAE-45A3-88CA-E684619E1582}.Release|Any CPU.ActiveCfg = Release|Any CPU
		{B31B766E-FFAE-45A3-88CA-E684619E1582}.Release|Any CPU.Build.0 = Release|Any CPU
	EndGlobalSection
	GlobalSection(SolutionProperties) = preSolution
		HideSolutionNode = FALSE
	EndGlobalSection
	GlobalSection(ExtensibilityGlobals) = postSolution
		SolutionGuid = {C85039D4-4DB8-4E9E-9C75-8445B5319BB6}
	EndGlobalSection
EndGlobal
